
Microsoft Visual Studio Solution File, Format Version 12.00
# Visual Studio 15
Project("{FAE04EC0-301F-11D3-BF4B-00C04F79EFBC}") = "Noob-s-Restaurant", "Assembly-CSharp-firstpass.csproj", "{50040F6D-E6C1-079A-23AF-1DCFD09E8108}"
EndProject
Project("{FAE04EC0-301F-11D3-BF4B-00C04F79EFBC}") = "Noob-s-Restaurant", "Assembly-CSharp.csproj", "{CADE9D39-B862-B6AA-A50F-DC6C338B873C}"
EndProject
Project("{FAE04EC0-301F-11D3-BF4B-00C04F79EFBC}") = "Noob-s-Restaurant", "Assembly-CSharp-Editor.csproj", "{746F3D7A-1E71-D851-390E-BC5CAAFD91BD}"
EndProject
Project("{FAE04EC0-301F-11D3-BF4B-00C04F79EFBC}") = "Noob-s-Restaurant", "Assembly-CSharp-Editor-firstpass.csproj", "{051CDD2D-F39C-82AC-76FA-2E02527E41F1}"
EndProject
Global
	GlobalSection(SolutionConfigurationPlatforms) = preSolution
		Debug|Any CPU = Debug|Any CPU
		Release|Any CPU = Release|Any CPU
	EndGlobalSection
	GlobalSection(ProjectConfigurationPlatforms) = postSolution
		{50040F6D-E6C1-079A-23AF-1DCFD09E8108}.Debug|Any CPU.ActiveCfg = Debug|Any CPU
		{50040F6D-E6C1-079A-23AF-1DCFD09E8108}.Debug|Any CPU.Build.0 = Debug|Any CPU
		{50040F6D-E6C1-079A-23AF-1DCFD09E8108}.Release|Any CPU.ActiveCfg = Release|Any CPU
		{50040F6D-E6C1-079A-23AF-1DCFD09E8108}.Release|Any CPU.Build.0 = Release|Any CPU
		{CADE9D39-B862-B6AA-A50F-DC6C338B873C}.Debug|Any CPU.ActiveCfg = Debug|Any CPU
		{CADE9D39-B862-B6AA-A50F-DC6C338B873C}.Debug|Any CPU.Build.0 = Debug|Any CPU
		{CADE9D39-B862-B6AA-A50F-DC6C338B873C}.Release|Any CPU.ActiveCfg = Release|Any CPU
		{CADE9D39-B862-B6AA-A50F-DC6C338B873C}.Release|Any CPU.Build.0 = Release|Any CPU
		{746F3D7A-1E71-D851-390E-BC5CAAFD91BD}.Debug|Any CPU.ActiveCfg = Debug|Any CPU
		{746F3D7A-1E71-D851-390E-BC5CAAFD91BD}.Debug|Any CPU.Build.0 = Debug|Any CPU
		{746F3D7A-1E71-D851-390E-BC5CAAFD91BD}.Release|Any CPU.ActiveCfg = Release|Any CPU
		{746F3D7A-1E71-D851-390E-BC5CAAFD91BD}.Release|Any CPU.Build.0 = Release|Any CPU
		{051CDD2D-F39C-82AC-76FA-2E02527E41F1}.Debug|Any CPU.ActiveCfg = Debug|Any CPU
		{051CDD2D-F39C-82AC-76FA-2E02527E41F1}.Debug|Any CPU.Build.0 = Debug|Any CPU
		{051CDD2D-F39C-82AC-76FA-2E02527E41F1}.Release|Any CPU.ActiveCfg = Release|Any CPU
		{051CDD2D-F39C-82AC-76FA-2E02527E41F1}.Release|Any CPU.Build.0 = Release|Any CPU
	EndGlobalSection
	GlobalSection(SolutionProperties) = preSolution
		HideSolutionNode = FALSE
	EndGlobalSection
EndGlobal
